
Microsoft Visual Studio Solution File, Format Version 12.00
# Visual Studio Version 16
VisualStudioVersion = 16.0.29324.140
MinimumVisualStudioVersion = 10.0.40219.1
Project("{FAE04EC0-301F-11D3-BF4B-00C04F79EFBC}") = "FillMatStack", "FillMatStack\FillMatStack.csproj", "{C623DE7D-2710-4BB9-AA06-D703887089FF}"
EndProject
Global
	GlobalSection(SolutionConfigurationPlatforms) = preSolution
		Debug|Any CPU = Debug|Any CPU
		Release|Any CPU = Release|Any CPU
	EndGlobalSection
	GlobalSection(ProjectConfigurationPlatforms) = postSolution
		{C623DE7D-2710-4BB9-AA06-D703887089FF}.Debug|Any CPU.ActiveCfg = Debug|Any CPU
		{C623DE7D-2710-4BB9-AA06-D703887089FF}.Debug|Any CPU.Build.0 = Debug|Any CPU
		{C623DE7D-2710-4BB9-AA06-D703887089FF}.Release|Any CPU.ActiveCfg = Release|Any CPU
		{C623DE7D-2710-4BB9-AA06-D703887089FF}.Release|Any CPU.Build.0 = Release|Any CPU
	EndGlobalSection
	GlobalSection(SolutionProperties) = preSolution
		HideSolutionNode = FALSE
	EndGlobalSection
	GlobalSection(ExtensibilityGlobals) = postSolution
		SolutionGuid = {33CA15FA-A617-4A7A-8AB5-49E57D26BE61}
	EndGlobalSection
EndGlobal
