
Microsoft Visual Studio Solution File, Format Version 12.00
# Visual Studio Version 16
VisualStudioVersion = 16.0.29324.140
MinimumVisualStudioVersion = 10.0.40219.1
Project("{FAE04EC0-301F-11D3-BF4B-00C04F79EFBC}") = "Forest", "Forest\Forest.csproj", "{272D97E4-3FFD-4AC8-913A-CEF160AE9D16}"
EndProject
Global
	GlobalSection(SolutionConfigurationPlatforms) = preSolution
		Debug|Any CPU = Debug|Any CPU
		Release|Any CPU = Release|Any CPU
	EndGlobalSection
	GlobalSection(ProjectConfigurationPlatforms) = postSolution
		{272D97E4-3FFD-4AC8-913A-CEF160AE9D16}.Debug|Any CPU.ActiveCfg = Debug|Any CPU
		{272D97E4-3FFD-4AC8-913A-CEF160AE9D16}.Debug|Any CPU.Build.0 = Debug|Any CPU
		{272D97E4-3FFD-4AC8-913A-CEF160AE9D16}.Release|Any CPU.ActiveCfg = Release|Any CPU
		{272D97E4-3FFD-4AC8-913A-CEF160AE9D16}.Release|Any CPU.Build.0 = Release|Any CPU
	EndGlobalSection
	GlobalSection(SolutionProperties) = preSolution
		HideSolutionNode = FALSE
	EndGlobalSection
	GlobalSection(ExtensibilityGlobals) = postSolution
		SolutionGuid = {0DB328BB-2D55-43CD-BE43-387D8C675253}
	EndGlobalSection
EndGlobal
